// !$*UTF8*$!
{
	archiveVersion = 1;
	classes = {
	};
	objectVersion = 56;
	objects = {

/* Begin PBXBuildFile section */
		6975D0552E887274002FCE12 /* StemLibrary.swift in Sources */ = {isa = PBXBuildFile; fileRef = 6975D0542E887274002FCE12 /* StemLibrary.swift */; };
		6975D0572E888151002FCE12 /* PressableStyle.swift in Sources */ = {isa = PBXBuildFile; fileRef = 6975D0562E888151002FCE12 /* PressableStyle.swift */; };
		6975D0592E8881A9002FCE12 /* StemPlayer.swift in Sources */ = {isa = PBXBuildFile; fileRef = 6975D0582E8881A9002FCE12 /* StemPlayer.swift */; };
		6975D05B2E88854F002FCE12 /* .gitignore in Resources */ = {isa = PBXBuildFile; fileRef = 6975D05A2E88854F002FCE12 /* .gitignore */; };
		6975D05F2E88B5E2002FCE12 /* api_client.swift in Sources */ = {isa = PBXBuildFile; fileRef = 6975D05E2E88B5E2002FCE12 /* api_client.swift */; };
		69E91F142E7F075E00353A3E /* stemplayerApp.swift in Sources */ = {isa = PBXBuildFile; fileRef = 69E91F132E7F075E00353A3E /* stemplayerApp.swift */; };
		69E91F162E7F075E00353A3E /* ContentView.swift in Sources */ = {isa = PBXBuildFile; fileRef = 69E91F152E7F075E00353A3E /* ContentView.swift */; };
		69E91F182E7F075E00353A3E /* Assets.xcassets in Resources */ = {isa = PBXBuildFile; fileRef = 69E91F172E7F075E00353A3E /* Assets.xcassets */; };
		69E91F1B2E7F075E00353A3E /* Preview Assets.xcassets in Resources */ = {isa = PBXBuildFile; fileRef = 69E91F1A2E7F075E00353A3E /* Preview Assets.xcassets */; };
		69E91F252E7F075F00353A3E /* stemplayerTests.swift in Sources */ = {isa = PBXBuildFile; fileRef = 69E91F242E7F075F00353A3E /* stemplayerTests.swift */; };
		69E91F2F2E7F075F00353A3E /* stemplayerUITests.swift in Sources */ = {isa = PBXBuildFile; fileRef = 69E91F2E2E7F075F00353A3E /* stemplayerUITests.swift */; };
		69E91F312E7F075F00353A3E /* stemplayerUITestsLaunchTests.swift in Sources */ = {isa = PBXBuildFile; fileRef = 69E91F302E7F075F00353A3E /* stemplayerUITestsLaunchTests.swift */; };
		69E91F3E2E7F077800353A3E /* StemEngine.swift in Sources */ = {isa = PBXBuildFile; fileRef = 69E91F3D2E7F077800353A3E /* StemEngine.swift */; };
		69E91F452E7F0D9900353A3E /* LibraryStore.swift in Sources */ = {isa = PBXBuildFile; fileRef = 69E91F442E7F0D9900353A3E /* LibraryStore.swift */; };
		69E91F472E7F146200353A3E /* StemFolder.swift in Sources */ = {isa = PBXBuildFile; fileRef = 69E91F462E7F146200353A3E /* StemFolder.swift */; };
/* End PBXBuildFile section */

/* Begin PBXContainerItemProxy section */
		69E91F212E7F075F00353A3E /* PBXContainerItemProxy */ = {
			isa = PBXContainerItemProxy;
			containerPortal = 69E91F082E7F075E00353A3E /* Project object */;
			proxyType = 1;
			remoteGlobalIDString = 69E91F0F2E7F075E00353A3E;
			remoteInfo = stemplayer;
		};
		69E91F2B2E7F075F00353A3E /* PBXContainerItemProxy */ = {
			isa = PBXContainerItemProxy;
			containerPortal = 69E91F082E7F075E00353A3E /* Project object */;
			proxyType = 1;
			remoteGlobalIDString = 69E91F0F2E7F075E00353A3E;
			remoteInfo = stemplayer;
		};
/* End PBXContainerItemProxy section */

/* Begin PBXFileReference section */
		6975D0542E887274002FCE12 /* StemLibrary.swift */ = {isa = PBXFileReference; lastKnownFileType = sourcecode.swift; path = StemLibrary.swift; sourceTree = "<group>"; };
		6975D0562E888151002FCE12 /* PressableStyle.swift */ = {isa = PBXFileReference; lastKnownFileType = sourcecode.swift; path = PressableStyle.swift; sourceTree = "<group>"; };
		6975D0582E8881A9002FCE12 /* StemPlayer.swift */ = {isa = PBXFileReference; lastKnownFileType = sourcecode.swift; path = StemPlayer.swift; sourceTree = "<group>"; };
		6975D05A2E88854F002FCE12 /* .gitignore */ = {isa = PBXFileReference; lastKnownFileType = text; path = .gitignore; sourceTree = "<group>"; };
		6975D05E2E88B5E2002FCE12 /* api_client.swift */ = {isa = PBXFileReference; fileEncoding = 4; lastKnownFileType = sourcecode.swift; path = api_client.swift; sourceTree = "<group>"; };
		69E91F102E7F075E00353A3E /* stemplayer.app */ = {isa = PBXFileReference; explicitFileType = wrapper.application; includeInIndex = 0; path = stemplayer.app; sourceTree = BUILT_PRODUCTS_DIR; };
		69E91F132E7F075E00353A3E /* stemplayerApp.swift */ = {isa = PBXFileReference; lastKnownFileType = sourcecode.swift; path = stemplayerApp.swift; sourceTree = "<group>"; };
		69E91F152E7F075E00353A3E /* ContentView.swift */ = {isa = PBXFileReference; lastKnownFileType = sourcecode.swift; path = ContentView.swift; sourceTree = "<group>"; };
		69E91F172E7F075E00353A3E /* Assets.xcassets */ = {isa = PBXFileReference; lastKnownFileType = folder.assetcatalog; path = Assets.xcassets; sourceTree = "<group>"; };
		69E91F1A2E7F075E00353A3E /* Preview Assets.xcassets */ = {isa = PBXFileReference; lastKnownFileType = folder.assetcatalog; path = "Preview Assets.xcassets"; sourceTree = "<group>"; };
		69E91F202E7F075F00353A3E /* stemplayerTests.xctest */ = {isa = PBXFileReference; explicitFileType = wrapper.cfbundle; includeInIndex = 0; path = stemplayerTests.xctest; sourceTree = BUILT_PRODUCTS_DIR; };
		69E91F242E7F075F00353A3E /* stemplayerTests.swift */ = {isa = PBXFileReference; lastKnownFileType = sourcecode.swift; path = stemplayerTests.swift; sourceTree = "<group>"; };
		69E91F2A2E7F075F00353A3E /* stemplayerUITests.xctest */ = {isa = PBXFileReference; explicitFileType = wrapper.cfbundle; includeInIndex = 0; path = stemplayerUITests.xctest; sourceTree = BUILT_PRODUCTS_DIR; };
		69E91F2E2E7F075F00353A3E /* stemplayerUITests.swift */ = {isa = PBXFileReference; lastKnownFileType = sourcecode.swift; path = stemplayerUITests.swift; sourceTree = "<group>"; };
		69E91F302E7F075F00353A3E /* stemplayerUITestsLaunchTests.swift */ = {isa = PBXFileReference; lastKnownFileType = sourcecode.swift; path = stemplayerUITestsLaunchTests.swift; sourceTree = "<group>"; };
		69E91F3D2E7F077800353A3E /* StemEngine.swift */ = {isa = PBXFileReference; lastKnownFileType = sourcecode.swift; path = StemEngine.swift; sourceTree = "<group>"; };
		69E91F442E7F0D9900353A3E /* LibraryStore.swift */ = {isa = PBXFileReference; lastKnownFileType = sourcecode.swift; path = LibraryStore.swift; sourceTree = "<group>"; };
		69E91F462E7F146200353A3E /* StemFolder.swift */ = {isa = PBXFileReference; lastKnownFileType = sourcecode.swift; path = StemFolder.swift; sourceTree = "<group>"; };
		69E91F482E7F28FC00353A3E /* README.md */ = {isa = PBXFileReference; lastKnownFileType = net.daringfireball.markdown; path = README.md; sourceTree = "<group>"; };
		69E91F492E7F2A6100353A3E /* IMG_8629.PNG */ = {isa = PBXFileReference; lastKnownFileType = image.png; name = IMG_8629.PNG; path = ../../../Downloads/IMG_8629.PNG; sourceTree = "<group>"; };
		69E91F4A2E7F2A6100353A3E /* IMG_8630.PNG */ = {isa = PBXFileReference; lastKnownFileType = image.png; name = IMG_8630.PNG; path = ../../../Downloads/IMG_8630.PNG; sourceTree = "<group>"; };
		69E91F4E2E7F2A7900353A3E /* IMG_8629.PNG */ = {isa = PBXFileReference; lastKnownFileType = image.png; name = IMG_8629.PNG; path = ../../../../Downloads/IMG_8629.PNG; sourceTree = "<group>"; };
		69E91F4F2E7F2A7900353A3E /* IMG_8630.PNG */ = {isa = PBXFileReference; lastKnownFileType = image.png; name = IMG_8630.PNG; path = ../../../../Downloads/IMG_8630.PNG; sourceTree = "<group>"; };
/* End PBXFileReference section */

/* Begin PBXFrameworksBuildPhase section */
		69E91F0D2E7F075E00353A3E /* Frameworks */ = {
			isa = PBXFrameworksBuildPhase;
			buildActionMask = 2147483647;
			files = (
			);
			runOnlyForDeploymentPostprocessing = 0;
		};
		69E91F1D2E7F075F00353A3E /* Frameworks */ = {
			isa = PBXFrameworksBuildPhase;
			buildActionMask = 2147483647;
			files = (
			);
			runOnlyForDeploymentPostprocessing = 0;
		};
		69E91F272E7F075F00353A3E /* Frameworks */ = {
			isa = PBXFrameworksBuildPhase;
			buildActionMask = 2147483647;
			files = (
			);
			runOnlyForDeploymentPostprocessing = 0;
		};
/* End PBXFrameworksBuildPhase section */

/* Begin PBXGroup section */
		69E91F072E7F075E00353A3E = {
			isa = PBXGroup;
			children = (
				6975D05A2E88854F002FCE12 /* .gitignore */,
				69E91F482E7F28FC00353A3E /* README.md */,
				69E91F122E7F075E00353A3E /* stemplayer */,
				69E91F232E7F075F00353A3E /* stemplayerTests */,
				69E91F2D2E7F075F00353A3E /* stemplayerUITests */,
				69E91F112E7F075E00353A3E /* Products */,
			);
			sourceTree = "<group>";
		};
		69E91F112E7F075E00353A3E /* Products */ = {
			isa = PBXGroup;
			children = (
				69E91F102E7F075E00353A3E /* stemplayer.app */,
				69E91F202E7F075F00353A3E /* stemplayerTests.xctest */,
				69E91F2A2E7F075F00353A3E /* stemplayerUITests.xctest */,
			);
			name = Products;
			sourceTree = "<group>";
		};
		69E91F122E7F075E00353A3E /* stemplayer */ = {
			isa = PBXGroup;
			children = (
				69E91F4D2E7F2A7000353A3E /* images */,
				69E91F132E7F075E00353A3E /* stemplayerApp.swift */,
				69E91F152E7F075E00353A3E /* ContentView.swift */,
				6975D0562E888151002FCE12 /* PressableStyle.swift */,
				69E91F172E7F075E00353A3E /* Assets.xcassets */,
				69E91F192E7F075E00353A3E /* Preview Content */,
				69E91F3D2E7F077800353A3E /* StemEngine.swift */,
				69E91F442E7F0D9900353A3E /* LibraryStore.swift */,
				6975D0582E8881A9002FCE12 /* StemPlayer.swift */,
				69E91F462E7F146200353A3E /* StemFolder.swift */,
				6975D05E2E88B5E2002FCE12 /* api_client.swift */,
				6975D0542E887274002FCE12 /* StemLibrary.swift */,
			);
			path = stemplayer;
			sourceTree = "<group>";
		};
		69E91F192E7F075E00353A3E /* Preview Content */ = {
			isa = PBXGroup;
			children = (
				69E91F1A2E7F075E00353A3E /* Preview Assets.xcassets */,
			);
			path = "Preview Content";
			sourceTree = "<group>";
		};
		69E91F232E7F075F00353A3E /* stemplayerTests */ = {
			isa = PBXGroup;
			children = (
				69E91F242E7F075F00353A3E /* stemplayerTests.swift */,
			);
			path = stemplayerTests;
			sourceTree = "<group>";
		};
		69E91F2D2E7F075F00353A3E /* stemplayerUITests */ = {
			isa = PBXGroup;
			children = (
				69E91F492E7F2A6100353A3E /* IMG_8629.PNG */,
				69E91F4A2E7F2A6100353A3E /* IMG_8630.PNG */,
				69E91F2E2E7F075F00353A3E /* stemplayerUITests.swift */,
				69E91F302E7F075F00353A3E /* stemplayerUITestsLaunchTests.swift */,
			);
			path = stemplayerUITests;
			sourceTree = "<group>";
		};
		69E91F4D2E7F2A7000353A3E /* images */ = {
			isa = PBXGroup;
			children = (
				69E91F4E2E7F2A7900353A3E /* IMG_8629.PNG */,
				69E91F4F2E7F2A7900353A3E /* IMG_8630.PNG */,
			);
			path = images;
			sourceTree = "<group>";
		};
/* End PBXGroup section */

/* Begin PBXNativeTarget section */
		69E91F0F2E7F075E00353A3E /* stemplayer */ = {
			isa = PBXNativeTarget;
			buildConfigurationList = 69E91F342E7F075F00353A3E /* Build configuration list for PBXNativeTarget "stemplayer" */;
			buildPhases = (
				69E91F0C2E7F075E00353A3E /* Sources */,
				69E91F0D2E7F075E00353A3E /* Frameworks */,
				69E91F0E2E7F075E00353A3E /* Resources */,
			);
			buildRules = (
			);
			dependencies = (
			);
			name = stemplayer;
			packageProductDependencies = (
			);
			productName = stemplayer;
			productReference = 69E91F102E7F075E00353A3E /* stemplayer.app */;
			productType = "com.apple.product-type.application";
		};
		69E91F1F2E7F075F00353A3E /* stemplayerTests */ = {
			isa = PBXNativeTarget;
			buildConfigurationList = 69E91F372E7F075F00353A3E /* Build configuration list for PBXNativeTarget "stemplayerTests" */;
			buildPhases = (
				69E91F1C2E7F075F00353A3E /* Sources */,
				69E91F1D2E7F075F00353A3E /* Frameworks */,
				69E91F1E2E7F075F00353A3E /* Resources */,
			);
			buildRules = (
			);
			dependencies = (
				69E91F222E7F075F00353A3E /* PBXTargetDependency */,
			);
			name = stemplayerTests;
			productName = stemplayerTests;
			productReference = 69E91F202E7F075F00353A3E /* stemplayerTests.xctest */;
			productType = "com.apple.product-type.bundle.unit-test";
		};
		69E91F292E7F075F00353A3E /* stemplayerUITests */ = {
			isa = PBXNativeTarget;
			buildConfigurationList = 69E91F3A2E7F075F00353A3E /* Build configuration list for PBXNativeTarget "stemplayerUITests" */;
			buildPhases = (
				69E91F262E7F075F00353A3E /* Sources */,
				69E91F272E7F075F00353A3E /* Frameworks */,
				69E91F282E7F075F00353A3E /* Resources */,
			);
			buildRules = (
			);
			dependencies = (
				69E91F2C2E7F075F00353A3E /* PBXTargetDependency */,
			);
			name = stemplayerUITests;
			productName = stemplayerUITests;
			productReference = 69E91F2A2E7F075F00353A3E /* stemplayerUITests.xctest */;
			productType = "com.apple.product-type.bundle.ui-testing";
		};
/* End PBXNativeTarget section */

/* Begin PBXProject section */
		69E91F082E7F075E00353A3E /* Project object */ = {
			isa = PBXProject;
			attributes = {
				BuildIndependentTargetsInParallel = 1;
				LastSwiftUpdateCheck = 1510;
				LastUpgradeCheck = 1510;
				TargetAttributes = {
					69E91F0F2E7F075E00353A3E = {
						CreatedOnToolsVersion = 15.1;
					};
					69E91F1F2E7F075F00353A3E = {
						CreatedOnToolsVersion = 15.1;
						TestTargetID = 69E91F0F2E7F075E00353A3E;
					};
					69E91F292E7F075F00353A3E = {
						CreatedOnToolsVersion = 15.1;
						TestTargetID = 69E91F0F2E7F075E00353A3E;
					};
				};
			};
			buildConfigurationList = 69E91F0B2E7F075E00353A3E /* Build configuration list for PBXProject "stemplayer" */;
			compatibilityVersion = "Xcode 14.0";
			developmentRegion = en;
			hasScannedForEncodings = 0;
			knownRegions = (
				en,
				Base,
			);
			mainGroup = 69E91F072E7F075E00353A3E;
			packageReferences = (
			);
			productRefGroup = 69E91F112E7F075E00353A3E /* Products */;
			projectDirPath = "";
			projectRoot = "";
			targets = (
				69E91F0F2E7F075E00353A3E /* stemplayer */,
				69E91F1F2E7F075F00353A3E /* stemplayerTests */,
				69E91F292E7F075F00353A3E /* stemplayerUITests */,
			);
		};
/* End PBXProject section */

/* Begin PBXResourcesBuildPhase section */
		69E91F0E2E7F075E00353A3E /* Resources */ = {
			isa = PBXResourcesBuildPhase;
			buildActionMask = 2147483647;
			files = (
				69E91F1B2E7F075E00353A3E /* Preview Assets.xcassets in Resources */,
				6975D05B2E88854F002FCE12 /* .gitignore in Resources */,
				69E91F182E7F075E00353A3E /* Assets.xcassets in Resources */,
			);
			runOnlyForDeploymentPostprocessing = 0;
		};
		69E91F1E2E7F075F00353A3E /* Resources */ = {
			isa = PBXResourcesBuildPhase;
			buildActionMask = 2147483647;
			files = (
			);
			runOnlyForDeploymentPostprocessing = 0;
		};
		69E91F282E7F075F00353A3E /* Resources */ = {
			isa = PBXResourcesBuildPhase;
			buildActionMask = 2147483647;
			files = (
			);
			runOnlyForDeploymentPostprocessing = 0;
		};
/* End PBXResourcesBuildPhase section */

/* Begin PBXSourcesBuildPhase section */
		69E91F0C2E7F075E00353A3E /* Sources */ = {
			isa = PBXSourcesBuildPhase;
			buildActionMask = 2147483647;
			files = (
				69E91F3E2E7F077800353A3E /* StemEngine.swift in Sources */,
				6975D0592E8881A9002FCE12 /* StemPlayer.swift in Sources */,
				6975D05F2E88B5E2002FCE12 /* api_client.swift in Sources */,
				6975D0572E888151002FCE12 /* PressableStyle.swift in Sources */,
				69E91F452E7F0D9900353A3E /* LibraryStore.swift in Sources */,
				6975D0552E887274002FCE12 /* StemLibrary.swift in Sources */,
				69E91F162E7F075E00353A3E /* ContentView.swift in Sources */,
				69E91F142E7F075E00353A3E /* stemplayerApp.swift in Sources */,
				69E91F472E7F146200353A3E /* StemFolder.swift in Sources */,
			);
			runOnlyForDeploymentPostprocessing = 0;
		};
		69E91F1C2E7F075F00353A3E /* Sources */ = {
			isa = PBXSourcesBuildPhase;
			buildActionMask = 2147483647;
			files = (
				69E91F252E7F075F00353A3E /* stemplayerTests.swift in Sources */,
			);
			runOnlyForDeploymentPostprocessing = 0;
		};
		69E91F262E7F075F00353A3E /* Sources */ = {
			isa = PBXSourcesBuildPhase;
			buildActionMask = 2147483647;
			files = (
				69E91F312E7F075F00353A3E /* stemplayerUITestsLaunchTests.swift in Sources */,
				69E91F2F2E7F075F00353A3E /* stemplayerUITests.swift in Sources */,
			);
			runOnlyForDeploymentPostprocessing = 0;
		};
/* End PBXSourcesBuildPhase section */

/* Begin PBXTargetDependency section */
		69E91F222E7F075F00353A3E /* PBXTargetDependency */ = {
			isa = PBXTargetDependency;
			target = 69E91F0F2E7F075E00353A3E /* stemplayer */;
			targetProxy = 69E91F212E7F075F00353A3E /* PBXContainerItemProxy */;
		};
		69E91F2C2E7F075F00353A3E /* PBXTargetDependency */ = {
			isa = PBXTargetDependency;
			target = 69E91F0F2E7F075E00353A3E /* stemplayer */;
			targetProxy = 69E91F2B2E7F075F00353A3E /* PBXContainerItemProxy */;
		};
/* End PBXTargetDependency section */

/* Begin XCBuildConfiguration section */
		69E91F322E7F075F00353A3E /* Debug */ = {
			isa = XCBuildConfiguration;
			buildSettings = {
				ALWAYS_SEARCH_USER_PATHS = NO;
				ASSETCATALOG_COMPILER_GENERATE_SWIFT_ASSET_SYMBOL_EXTENSIONS = YES;
				CLANG_ANALYZER_NONNULL = YES;
				CLANG_ANALYZER_NUMBER_OBJECT_CONVERSION = YES_AGGRESSIVE;
				CLANG_CXX_LANGUAGE_STANDARD = "gnu++20";
				CLANG_ENABLE_MODULES = YES;
				CLANG_ENABLE_OBJC_ARC = YES;
				CLANG_ENABLE_OBJC_WEAK = YES;
				CLANG_WARN_BLOCK_CAPTURE_AUTORELEASING = YES;
				CLANG_WARN_BOOL_CONVERSION = YES;
				CLANG_WARN_COMMA = YES;
				CLANG_WARN_CONSTANT_CONVERSION = YES;
				CLANG_WARN_DEPRECATED_OBJC_IMPLEMENTATIONS = YES;
				CLANG_WARN_DIRECT_OBJC_ISA_USAGE = YES_ERROR;
				CLANG_WARN_DOCUMENTATION_COMMENTS = YES;
				CLANG_WARN_EMPTY_BODY = YES;
				CLANG_WARN_ENUM_CONVERSION = YES;
				CLANG_WARN_INFINITE_RECURSION = YES;
				CLANG_WARN_INT_CONVERSION = YES;
				CLANG_WARN_NON_LITERAL_NULL_CONVERSION = YES;
				CLANG_WARN_OBJC_IMPLICIT_RETAIN_SELF = YES;
				CLANG_WARN_OBJC_LITERAL_CONVERSION = YES;
				CLANG_WARN_OBJC_ROOT_CLASS = YES_ERROR;
				CLANG_WARN_QUOTED_INCLUDE_IN_FRAMEWORK_HEADER = YES;
				CLANG_WARN_RANGE_LOOP_ANALYSIS = YES;
				CLANG_WARN_STRICT_PROTOTYPES = YES;
				CLANG_WARN_SUSPICIOUS_MOVE = YES;
				CLANG_WARN_UNGUARDED_AVAILABILITY = YES_AGGRESSIVE;
				CLANG_WARN_UNREACHABLE_CODE = YES;
				CLANG_WARN__DUPLICATE_METHOD_MATCH = YES;
				COPY_PHASE_STRIP = NO;
				DEBUG_INFORMATION_FORMAT = dwarf;
				ENABLE_STRICT_OBJC_MSGSEND = YES;
				ENABLE_TESTABILITY = YES;
				ENABLE_USER_SCRIPT_SANDBOXING = YES;
				GCC_C_LANGUAGE_STANDARD = gnu17;
				GCC_DYNAMIC_NO_PIC = NO;
				GCC_NO_COMMON_BLOCKS = YES;
				GCC_OPTIMIZATION_LEVEL = 0;
				GCC_PREPROCESSOR_DEFINITIONS = (
					"DEBUG=1",
					"$(inherited)",
				);
				GCC_WARN_64_TO_32_BIT_CONVERSION = YES;
				GCC_WARN_ABOUT_RETURN_TYPE = YES_ERROR;
				GCC_WARN_UNDECLARED_SELECTOR = YES;
				GCC_WARN_UNINITIALIZED_AUTOS = YES_AGGRESSIVE;
				GCC_WARN_UNUSED_FUNCTION = YES;
				GCC_WARN_UNUSED_VARIABLE = YES;
				IPHONEOS_DEPLOYMENT_TARGET = 17.2;
				LOCALIZATION_PREFERS_STRING_CATALOGS = YES;
				MTL_ENABLE_DEBUG_INFO = INCLUDE_SOURCE;
				MTL_FAST_MATH = YES;
				ONLY_ACTIVE_ARCH = YES;
				SDKROOT = iphoneos;
				SWIFT_ACTIVE_COMPILATION_CONDITIONS = "DEBUG $(inherited)";
				SWIFT_OPTIMIZATION_LEVEL = "-Onone";
			};
			name = Debug;
		};
		69E91F332E7F075F00353A3E /* Release */ = {
			isa = XCBuildConfiguration;
			buildSettings = {
				ALWAYS_SEARCH_USER_PATHS = NO;
				ASSETCATALOG_COMPILER_GENERATE_SWIFT_ASSET_SYMBOL_EXTENSIONS = YES;
				CLANG_ANALYZER_NONNULL = YES;
				CLANG_ANALYZER_NUMBER_OBJECT_CONVERSION = YES_AGGRESSIVE;
				CLANG_CXX_LANGUAGE_STANDARD = "gnu++20";
				CLANG_ENABLE_MODULES = YES;
				CLANG_ENABLE_OBJC_ARC = YES;
				CLANG_ENABLE_OBJC_WEAK = YES;
				CLANG_WARN_BLOCK_CAPTURE_AUTORELEASING = YES;
				CLANG_WARN_BOOL_CONVERSION = YES;
				CLANG_WARN_COMMA = YES;
				CLANG_WARN_CONSTANT_CONVERSION = YES;
				CLANG_WARN_DEPRECATED_OBJC_IMPLEMENTATIONS = YES;
				CLANG_WARN_DIRECT_OBJC_ISA_USAGE = YES_ERROR;
				CLANG_WARN_DOCUMENTATION_COMMENTS = YES;
				CLANG_WARN_EMPTY_BODY = YES;
				CLANG_WARN_ENUM_CONVERSION = YES;
				CLANG_WARN_INFINITE_RECURSION = YES;
				CLANG_WARN_INT_CONVERSION = YES;
				CLANG_WARN_NON_LITERAL_NULL_CONVERSION = YES;
				CLANG_WARN_OBJC_IMPLICIT_RETAIN_SELF = YES;
				CLANG_WARN_OBJC_LITERAL_CONVERSION = YES;
				CLANG_WARN_OBJC_ROOT_CLASS = YES_ERROR;
				CLANG_WARN_QUOTED_INCLUDE_IN_FRAMEWORK_HEADER = YES;
				CLANG_WARN_RANGE_LOOP_ANALYSIS = YES;
				CLANG_WARN_STRICT_PROTOTYPES = YES;
				CLANG_WARN_SUSPICIOUS_MOVE = YES;
				CLANG_WARN_UNGUARDED_AVAILABILITY = YES_AGGRESSIVE;
				CLANG_WARN_UNREACHABLE_CODE = YES;
				CLANG_WARN__DUPLICATE_METHOD_MATCH = YES;
				COPY_PHASE_STRIP = NO;
				DEBUG_INFORMATION_FORMAT = "dwarf-with-dsym";
				ENABLE_NS_ASSERTIONS = NO;
				ENABLE_STRICT_OBJC_MSGSEND = YES;
				ENABLE_USER_SCRIPT_SANDBOXING = YES;
				GCC_C_LANGUAGE_STANDARD = gnu17;
				GCC_NO_COMMON_BLOCKS = YES;
				GCC_WARN_64_TO_32_BIT_CONVERSION = YES;
				GCC_WARN_ABOUT_RETURN_TYPE = YES_ERROR;
				GCC_WARN_UNDECLARED_SELECTOR = YES;
				GCC_WARN_UNINITIALIZED_AUTOS = YES_AGGRESSIVE;
				GCC_WARN_UNUSED_FUNCTION = YES;
				GCC_WARN_UNUSED_VARIABLE = YES;
				IPHONEOS_DEPLOYMENT_TARGET = 17.2;
				LOCALIZATION_PREFERS_STRING_CATALOGS = YES;
				MTL_ENABLE_DEBUG_INFO = NO;
				MTL_FAST_MATH = YES;
				SDKROOT = iphoneos;
				SWIFT_COMPILATION_MODE = wholemodule;
				VALIDATE_PRODUCT = YES;
			};
			name = Release;
		};
		69E91F352E7F075F00353A3E /* Debug */ = {
			isa = XCBuildConfiguration;
			buildSettings = {
				ASSETCATALOG_COMPILER_APPICON_NAME = AppIcon;
				ASSETCATALOG_COMPILER_GLOBAL_ACCENT_COLOR_NAME = AccentColor;
				CODE_SIGN_STYLE = Automatic;
				CURRENT_PROJECT_VERSION = 1;
				DEVELOPMENT_ASSET_PATHS = "\"stemplayer/Preview Content\"";
				DEVELOPMENT_TEAM = QHG5N2FB4H;
				ENABLE_PREVIEWS = YES;
				GENERATE_INFOPLIST_FILE = YES;
				INFOPLIST_KEY_UIApplicationSceneManifest_Generation = YES;
				INFOPLIST_KEY_UIApplicationSupportsIndirectInputEvents = YES;
				INFOPLIST_KEY_UILaunchScreen_Generation = YES;
				INFOPLIST_KEY_UISupportedInterfaceOrientations_iPad = "UIInterfaceOrientationPortrait UIInterfaceOrientationPortraitUpsideDown UIInterfaceOrientationLandscapeLeft UIInterfaceOrientationLandscapeRight";
				INFOPLIST_KEY_UISupportedInterfaceOrientations_iPhone = "UIInterfaceOrientationPortrait UIInterfaceOrientationLandscapeLeft UIInterfaceOrientationLandscapeRight";
				LD_RUNPATH_SEARCH_PATHS = (
					"$(inherited)",
					"@executable_path/Frameworks",
				);
				MARKETING_VERSION = 1.0;
				PRODUCT_BUNDLE_IDENTIFIER = studio.arrrshia.stemplayer;
				PRODUCT_NAME = "$(TARGET_NAME)";
				SWIFT_EMIT_LOC_STRINGS = YES;
				SWIFT_VERSION = 5.0;
				TARGETED_DEVICE_FAMILY = "1,2";
			};
			name = Debug;
		};
		69E91F362E7F075F00353A3E /* Release */ = {
			isa = XCBuildConfiguration;
			buildSettings = {
				ASSETCATALOG_COMPILER_APPICON_NAME = AppIcon;
				ASSETCATALOG_COMPILER_GLOBAL_ACCENT_COLOR_NAME = AccentColor;
				CODE_SIGN_STYLE = Automatic;
				CURRENT_PROJECT_VERSION = 1;
				DEVELOPMENT_ASSET_PATHS = "\"stemplayer/Preview Content\"";
				DEVELOPMENT_TEAM = QHG5N2FB4H;
				ENABLE_PREVIEWS = YES;
				GENERATE_INFOPLIST_FILE = YES;
				INFOPLIST_KEY_UIApplicationSceneManifest_Generation = YES;
				INFOPLIST_KEY_UIApplicationSupportsIndirectInputEvents = YES;
				INFOPLIST_KEY_UILaunchScreen_Generation = YES;
				INFOPLIST_KEY_UISupportedInterfaceOrientations_iPad = "UIInterfaceOrientationPortrait UIInterfaceOrientationPortraitUpsideDown UIInterfaceOrientationLandscapeLeft UIInterfaceOrientationLandscapeRight";
				INFOPLIST_KEY_UISupportedInterfaceOrientations_iPhone = "UIInterfaceOrientationPortrait UIInterfaceOrientationLandscapeLeft UIInterfaceOrientationLandscapeRight";
				LD_RUNPATH_SEARCH_PATHS = (
					"$(inherited)",
					"@executable_path/Frameworks",
				);
				MARKETING_VERSION = 1.0;
				PRODUCT_BUNDLE_IDENTIFIER = studio.arrrshia.stemplayer;
				PRODUCT_NAME = "$(TARGET_NAME)";
				SWIFT_EMIT_LOC_STRINGS = YES;
				SWIFT_VERSION = 5.0;
				TARGETED_DEVICE_FAMILY = "1,2";
			};
			name = Release;
		};
		69E91F382E7F075F00353A3E /* Debug */ = {
			isa = XCBuildConfiguration;
			buildSettings = {
				ALWAYS_EMBED_SWIFT_STANDARD_LIBRARIES = YES;
				BUNDLE_LOADER = "$(TEST_HOST)";
				CODE_SIGN_STYLE = Automatic;
				CURRENT_PROJECT_VERSION = 1;
				DEVELOPMENT_TEAM = QHG5N2FB4H;
				GENERATE_INFOPLIST_FILE = YES;
				IPHONEOS_DEPLOYMENT_TARGET = 17.2;
				MARKETING_VERSION = 1.0;
				PRODUCT_BUNDLE_IDENTIFIER = studio.arrrshia.stemplayerTests;
				PRODUCT_NAME = "$(TARGET_NAME)";
				SWIFT_EMIT_LOC_STRINGS = NO;
				SWIFT_VERSION = 5.0;
				TARGETED_DEVICE_FAMILY = "1,2";
				TEST_HOST = "$(BUILT_PRODUCTS_DIR)/stemplayer.app/$(BUNDLE_EXECUTABLE_FOLDER_PATH)/stemplayer";
			};
			name = Debug;
		};
		69E91F392E7F075F00353A3E /* Release */ = {
			isa = XCBuildConfiguration;
			buildSettings = {
				ALWAYS_EMBED_SWIFT_STANDARD_LIBRARIES = YES;
				BUNDLE_LOADER = "$(TEST_HOST)";
				CODE_SIGN_STYLE = Automatic;
				CURRENT_PROJECT_VERSION = 1;
				DEVELOPMENT_TEAM = QHG5N2FB4H;
				GENERATE_INFOPLIST_FILE = YES;
				IPHONEOS_DEPLOYMENT_TARGET = 17.2;
				MARKETING_VERSION = 1.0;
				PRODUCT_BUNDLE_IDENTIFIER = studio.arrrshia.stemplayerTests;
				PRODUCT_NAME = "$(TARGET_NAME)";
				SWIFT_EMIT_LOC_STRINGS = NO;
				SWIFT_VERSION = 5.0;
				TARGETED_DEVICE_FAMILY = "1,2";
				TEST_HOST = "$(BUILT_PRODUCTS_DIR)/stemplayer.app/$(BUNDLE_EXECUTABLE_FOLDER_PATH)/stemplayer";
			};
			name = Release;
		};
		69E91F3B2E7F075F00353A3E /* Debug */ = {
			isa = XCBuildConfiguration;
			buildSettings = {
				ALWAYS_EMBED_SWIFT_STANDARD_LIBRARIES = YES;
				CODE_SIGN_STYLE = Automatic;
				CURRENT_PROJECT_VERSION = 1;
				DEVELOPMENT_TEAM = QHG5N2FB4H;
				GENERATE_INFOPLIST_FILE = YES;
				MARKETING_VERSION = 1.0;
				PRODUCT_BUNDLE_IDENTIFIER = studio.arrrshia.stemplayerUITests;
				PRODUCT_NAME = "$(TARGET_NAME)";
				SWIFT_EMIT_LOC_STRINGS = NO;
				SWIFT_VERSION = 5.0;
				TARGETED_DEVICE_FAMILY = "1,2";
				TEST_TARGET_NAME = stemplayer;
			};
			name = Debug;
		};
		69E91F3C2E7F075F00353A3E /* Release */ = {
			isa = XCBuildConfiguration;
			buildSettings = {
				ALWAYS_EMBED_SWIFT_STANDARD_LIBRARIES = YES;
				CODE_SIGN_STYLE = Automatic;
				CURRENT_PROJECT_VERSION = 1;
				DEVELOPMENT_TEAM = QHG5N2FB4H;
				GENERATE_INFOPLIST_FILE = YES;
				MARKETING_VERSION = 1.0;
				PRODUCT_BUNDLE_IDENTIFIER = studio.arrrshia.stemplayerUITests;
				PRODUCT_NAME = "$(TARGET_NAME)";
				SWIFT_EMIT_LOC_STRINGS = NO;
				SWIFT_VERSION = 5.0;
				TARGETED_DEVICE_FAMILY = "1,2";
				TEST_TARGET_NAME = stemplayer;
			};
			name = Release;
		};
/* End XCBuildConfiguration section */

/* Begin XCConfigurationList section */
		69E91F0B2E7F075E00353A3E /* Build configuration list for PBXProject "stemplayer" */ = {
			isa = XCConfigurationList;
			buildConfigurations = (
				69E91F322E7F075F00353A3E /* Debug */,
				69E91F332E7F075F00353A3E /* Release */,
			);
			defaultConfigurationIsVisible = 0;
			defaultConfigurationName = Release;
		};
		69E91F342E7F075F00353A3E /* Build configuration list for PBXNativeTarget "stemplayer" */ = {
			isa = XCConfigurationList;
			buildConfigurations = (
				69E91F352E7F075F00353A3E /* Debug */,
				69E91F362E7F075F00353A3E /* Release */,
			);
			defaultConfigurationIsVisible = 0;
			defaultConfigurationName = Release;
		};
		69E91F372E7F075F00353A3E /* Build configuration list for PBXNativeTarget "stemplayerTests" */ = {
			isa = XCConfigurationList;
			buildConfigurations = (
				69E91F382E7F075F00353A3E /* Debug */,
				69E91F392E7F075F00353A3E /* Release */,
			);
			defaultConfigurationIsVisible = 0;
			defaultConfigurationName = Release;
		};
		69E91F3A2E7F075F00353A3E /* Build configuration list for PBXNativeTarget "stemplayerUITests" */ = {
			isa = XCConfigurationList;
			buildConfigurations = (
				69E91F3B2E7F075F00353A3E /* Debug */,
				69E91F3C2E7F075F00353A3E /* Release */,
			);
			defaultConfigurationIsVisible = 0;
			defaultConfigurationName = Release;
		};
/* End XCConfigurationList section */
	};
	rootObject = 69E91F082E7F075E00353A3E /* Project object */;
}
